<?xml version="1.0" encoding="utf-8"?>
<Project ToolsVersion="4.0" xmlns="http://schemas.microsoft.com/developer/msbuild/2003">
  <ItemGroup>
    <ClCompile Include="Animation\AnimationClip.cpp" />
    <ClCompile Include="Animation\AnimationController.cpp" />
    <ClCompile Include="GameObjects\BaseUI.cpp" />
    <ClCompile Include="DataTables\DataTable.cpp" />
    <ClCompile Include="DataTables\StringTable.cpp" />
    <ClCompile Include="Framework\DataTableMgr.cpp" />
    <ClCompile Include="Framework\Framework.cpp" />
    <ClCompile Include="Framework\InputMgr.cpp" />
    <ClCompile Include="GameObjects\GameObject.cpp" />
    <ClCompile Include="GameObjects\Effects\SpriteEffect.cpp" />
    <ClCompile Include="GameObjects\UIButton.cpp" />
    <ClCompile Include="GameObjects\VertexArrayGo.cpp" />
    <ClCompile Include="Global\Utils.cpp" />
    <ClCompile Include="main.cpp" />
    <ClCompile Include="Framework\ResourceMgr.cpp" />
    <ClCompile Include="GameObjects\Player\Player.cpp" />
    <ClCompile Include="GameObjects\Monster.cpp" />
    <ClCompile Include="DataTables\MonsterTable.cpp" />
    <ClCompile Include="Scenes\SceneEditor.cpp" />
    <ClCompile Include="Scenes\Scene.cpp" />
    <ClCompile Include="Scenes\SceneGame.cpp" />
    <ClCompile Include="Framework\SceneMgr.cpp" />
    <ClCompile Include="GameObjects\SpriteGo.cpp" />
    <ClCompile Include="Global\Variables.cpp" />
    <ClCompile Include="GameObjects\TextGo.cpp" />
    <ClCompile Include="Scenes\SceneTitle.cpp" />
    <ClCompile Include="GameObjects\Tile.cpp" />
    <ClCompile Include="Framework\SkillMgr.cpp" />
    <ClCompile Include="Skill.cpp" />
    <ClCompile Include="ElementalSpell.cpp" />
    <ClCompile Include="DataTables\TileInfoTable.cpp" />
    <ClCompile Include="Framework\Command.cpp" />
    <ClCompile Include="Framework\TileCommand.cpp" />
    <ClCompile Include="Framework\CommandInvoker.cpp" />
    <ClCompile Include="GameObjects\DestructibleGo.cpp" />
    <ClCompile Include="GameObjects\Particle.cpp" />
  </ItemGroup>
  <ItemGroup>
    <ClInclude Include="3rd\rapidcsv.h" />
    <ClInclude Include="Animation\AnimationController.h" />
    <ClInclude Include="Animation\AnimationClip.h" />
    <ClInclude Include="DataTables\StringTable.h" />
    <ClInclude Include="GameObjects\BaseUI.h" />
    <ClInclude Include="GameObjects\Background.h" />
    <ClInclude Include="GameObjects\Items\Coin.h" />
    <ClInclude Include="GameObjects\Cookies\Cookie.h" />
    <ClInclude Include="DataTables\DataTable.h" />
    <ClInclude Include="GameObjects\Effects\EffectSpeedUp.h" />
    <ClInclude Include="Framework\DataTableMgr.h" />
    <ClInclude Include="Framework\ObjectPool.h" />
    <ClInclude Include="GameObjects\GameObject.h" />
    <ClInclude Include="GameObjects\Effects\SpriteEffect.h" />
    <ClInclude Include="GameObjects\UIButton.h" />
    <ClInclude Include="GameObjects\VertexArrayGo.h" />
    <ClInclude Include="GameObjects\Monster.h" />
    <ClInclude Include="DataTables\MonsterTable.h" />
    <ClInclude Include="GameObjects\Player\Player.h" />
    <ClInclude Include="GameObjects\Tile.h" />
    <ClInclude Include="Scenes\SceneEditor.h" />
    <ClInclude Include="UI\InGame\GameOver.h" />
    <ClInclude Include="Global\Defines.h" />
    <ClInclude Include="Framework\Framework.h" />
    <ClInclude Include="Framework\InputMgr.h" />
    <ClInclude Include="Framework\ResourceMgr.h" />
    <ClInclude Include="Global\Utils.h" />
    <ClInclude Include="GameObjects\Items\Item.h" />
    <ClInclude Include="GameObjects\Items\ItemBig.h" />
    <ClInclude Include="GameObjects\Items\ItemBigHealPack.h" />
    <ClInclude Include="GameObjects\Items\ItemSpeedUp.h" />
    <ClInclude Include="UI\Lobby\Lobby.h" />
    <ClInclude Include="UI\Lobby\LobbyCookie.h" />
    <ClInclude Include="GameObjects\Map.h" />
    <ClInclude Include="GameObjects\Cookies\Moonlighter.h" />
    <ClInclude Include="GameObjects\Platforms\Obstacle.h" />
    <ClInclude Include="GameObjects\Cookies\Pancake.h" />
    <ClInclude Include="UI\PatternEditor\PatternObject.h" />
    <ClInclude Include="Scenes\PatternEditor.h" />
    <ClInclude Include="UI\InGame\Pause.h" />
    <ClInclude Include="GameObjects\Cookies\Pirate.h" />
    <ClInclude Include="GameObjects\Platforms\Platform.h" />
    <ClInclude Include="Scenes\SceneLobby.h" />
    <ClInclude Include="Scenes\Scene.h" />
    <ClInclude Include="Scenes\SceneGame.h" />
    <ClInclude Include="Framework\SceneMgr.h" />
    <ClInclude Include="Global\Singleton.h" />
    <ClInclude Include="GameObjects\SpriteGo.h" />
    <ClInclude Include="stdafx.h" />
    <ClInclude Include="Global\Variables.h" />
    <ClInclude Include="UI\Lobby\StorageBox.h" />
    <ClInclude Include="GameObjects\TextGo.h" />
    <ClInclude Include="Scenes\SceneTitle.h" />
    <ClInclude Include="UI\InGame\UIButton.h" />
    <ClInclude Include="UI\InGame\UIHp.h" />
    <ClInclude Include="Framework\SkillMgr.h" />
    <ClInclude Include="Skill.h" />
    <ClInclude Include="ElementalSpell.h" />
    <ClCompile Include="main.cpp">
      <Filter>소스 파일</Filter>
    </ClCompile>
    <ClCompile Include="Framework\Framework.cpp">
      <Filter>소스 파일</Filter>
    </ClCompile>
    <ClCompile Include="Framework\InputMgr.cpp">
      <Filter>소스 파일</Filter>
    </ClCompile>
    <ClCompile Include="Framework\SceneMgr.cpp">
      <Filter>소스 파일</Filter>
    </ClCompile>
    <ClCompile Include="Scenes\Scene.cpp">
      <Filter>소스 파일</Filter>
    </ClCompile>
    <ClCompile Include="Scenes\SceneGame.cpp">
      <Filter>소스 파일</Filter>
    </ClCompile>
    <ClCompile Include="Framework\ResourceMgr.cpp">
      <Filter>소스 파일</Filter>
    </ClCompile>
    <ClCompile Include="Global\Utils.cpp">
      <Filter>소스 파일</Filter>
    </ClCompile>
    <ClCompile Include="GameObjects\GameObject.cpp">
      <Filter>소스 파일</Filter>
    </ClCompile>
    <ClCompile Include="GameObjects\SpriteGo.cpp">
      <Filter>소스 파일</Filter>
    </ClCompile>
    <ClCompile Include="Global\Variables.cpp">
      <Filter>소스 파일</Filter>
    </ClCompile>
    <ClCompile Include="DataTables\DataTable.cpp">
      <Filter>소스 파일</Filter>
    </ClCompile>
    <ClCompile Include="DataTables\StringTable.cpp">
      <Filter>소스 파일</Filter>
    </ClCompile>
    <ClCompile Include="Framework\DataTableMgr.cpp">
      <Filter>소스 파일</Filter>
    </ClCompile>
    <ClCompile Include="GameObjects\Effects\SpriteEffect.cpp">
      <Filter>소스 파일</Filter>
    </ClCompile>
    <ClCompile Include="GameObjects\VertexArrayGo.cpp">
      <Filter>소스 파일</Filter>
    </ClCompile>
    <ClCompile Include="Animation\AnimationController.cpp">
      <Filter>소스 파일</Filter>
    </ClCompile>
    <ClCompile Include="Animation\AnimationClip.cpp">
      <Filter>소스 파일</Filter>
    </ClCompile>
    <ClCompile Include="GameObjects\TextGo.cpp">
      <Filter>소스 파일</Filter>
    </ClCompile>
    <ClCompile Include="Scenes\SceneTitle.cpp">
      <Filter>소스 파일</Filter>
    </ClCompile>
    <ClCompile Include="GameObjects\UIButton.cpp">
      <Filter>소스 파일</Filter>
    </ClCompile>
    <ClCompile Include="GameObjects\BaseUI.cpp">
      <Filter>소스 파일</Filter>
    </ClCompile>
    <ClCompile Include="GameObjects\Tile.cpp">
      <Filter>소스 파일</Filter>
    </ClCompile>
    <ClCompile Include="Scenes\SceneEditor.cpp">
      <Filter>소스 파일</Filter>
    </ClCompile>
    <ClInclude Include="DataTables\TileInfoTable.h" />
    <ClInclude Include="Framework\Command.h" />
    <ClInclude Include="Framework\TileCommand.h" />
    <ClInclude Include="Framework\CommandInvoker.h" />
    <ClInclude Include="GameObjects\DestructibleGo.h" />
    <ClInclude Include="GameObjects\Particle.h" />
  </ItemGroup>
  <ItemGroup>
    <ClInclude Include="stdafx.h">
      <Filter>헤더 파일</Filter>
    </ClInclude>
    <ClInclude Include="Global\Singleton.h">
      <Filter>헤더 파일</Filter>
    </ClInclude>
    <ClInclude Include="Framework\Framework.h">
      <Filter>헤더 파일</Filter>
    </ClInclude>
    <ClInclude Include="Framework\InputMgr.h">
      <Filter>헤더 파일</Filter>
    </ClInclude>
    <ClInclude Include="Framework\SceneMgr.h">
      <Filter>헤더 파일</Filter>
    </ClInclude>
    <ClInclude Include="Scenes\Scene.h">
      <Filter>헤더 파일</Filter>
    </ClInclude>
    <ClInclude Include="Global\Defines.h">
      <Filter>헤더 파일</Filter>
    </ClInclude>
    <ClInclude Include="Scenes\SceneGame.h">
      <Filter>헤더 파일</Filter>
    </ClInclude>
    <ClInclude Include="Framework\ResourceMgr.h">
      <Filter>헤더 파일</Filter>
    </ClInclude>
    <ClInclude Include="Global\Utils.h">
      <Filter>헤더 파일</Filter>
    </ClInclude>
    <ClInclude Include="GameObjects\GameObject.h">
      <Filter>헤더 파일</Filter>
    </ClInclude>
    <ClInclude Include="GameObjects\SpriteGo.h">
      <Filter>헤더 파일</Filter>
    </ClInclude>
    <ClInclude Include="Global\Variables.h">
      <Filter>헤더 파일</Filter>
    </ClInclude>
    <ClInclude Include="3rd\rapidcsv.h">
      <Filter>헤더 파일</Filter>
    </ClInclude>
    <ClInclude Include="DataTables\DataTable.h">
      <Filter>헤더 파일</Filter>
    </ClInclude>
    <ClInclude Include="DataTables\StringTable.h">
      <Filter>헤더 파일</Filter>
    </ClInclude>
    <ClInclude Include="Framework\DataTableMgr.h">
      <Filter>헤더 파일</Filter>
    </ClInclude>
    <ClInclude Include="Framework\ObjectPool.h">
      <Filter>헤더 파일</Filter>
    </ClInclude>
    <ClInclude Include="GameObjects\Effects\SpriteEffect.h">
      <Filter>헤더 파일</Filter>
    </ClInclude>
    <ClInclude Include="GameObjects\VertexArrayGo.h">
      <Filter>헤더 파일</Filter>
    </ClInclude>
    <ClInclude Include="Animation\AnimationClip.h">
      <Filter>헤더 파일</Filter>
    </ClInclude>
    <ClInclude Include="Animation\AnimationController.h">
      <Filter>헤더 파일</Filter>
    </ClInclude>
    <ClInclude Include="UI\InGame\UIButton.h">
      <Filter>헤더 파일</Filter>
    </ClInclude>
    <ClInclude Include="GameObjects\Cookies\Cookie.h">
      <Filter>헤더 파일</Filter>
    </ClInclude>
    <ClInclude Include="GameObjects\Cookies\Pancake.h">
      <Filter>헤더 파일</Filter>
    </ClInclude>
    <ClInclude Include="GameObjects\Items\Item.h">
      <Filter>헤더 파일</Filter>
    </ClInclude>
    <ClInclude Include="GameObjects\Map.h">
      <Filter>헤더 파일</Filter>
    </ClInclude>
    <ClInclude Include="GameObjects\Background.h">
      <Filter>헤더 파일</Filter>
    </ClInclude>
    <ClInclude Include="GameObjects\Platforms\Platform.h">
      <Filter>헤더 파일</Filter>
    </ClInclude>
    <ClInclude Include="GameObjects\Items\ItemSpeedUp.h">
      <Filter>헤더 파일</Filter>
    </ClInclude>
    <ClInclude Include="GameObjects\Effects\EffectSpeedUp.h">
      <Filter>헤더 파일</Filter>
    </ClInclude>
    <ClInclude Include="GameObjects\Items\Coin.h">
      <Filter>헤더 파일</Filter>
    </ClInclude>
    <ClInclude Include="UI\InGame\UIHp.h">
      <Filter>헤더 파일</Filter>
    </ClInclude>
    <ClInclude Include="GameObjects\Items\ItemBigHealPack.h">
      <Filter>헤더 파일</Filter>
    </ClInclude>
    <ClInclude Include="GameObjects\Items\ItemBig.h">
      <Filter>헤더 파일</Filter>
    </ClInclude>
    <ClInclude Include="GameObjects\TextGo.h">
      <Filter>헤더 파일</Filter>
    </ClInclude>
    <ClInclude Include="Scenes\SceneTitle.h">
      <Filter>헤더 파일</Filter>
    </ClInclude>
    <ClInclude Include="GameObjects\Platforms\Obstacle.h">
      <Filter>헤더 파일</Filter>
    </ClInclude>
    <ClInclude Include="UI\InGame\Pause.h">
      <Filter>헤더 파일</Filter>
    </ClInclude>
    <ClInclude Include="Scenes\SceneLobby.h">
      <Filter>헤더 파일</Filter>
    </ClInclude>
    <ClInclude Include="UI\Lobby\Lobby.h">
      <Filter>헤더 파일</Filter>
    </ClInclude>
    <ClInclude Include="UI\Lobby\LobbyCookie.h">
      <Filter>헤더 파일</Filter>
    </ClInclude>
    <ClInclude Include="GameObjects\Cookies\Pirate.h">
      <Filter>헤더 파일</Filter>
    </ClInclude>
    <ClInclude Include="GameObjects\Cookies\Moonlighter.h">
      <Filter>헤더 파일</Filter>
    </ClInclude>
    <ClInclude Include="UI\Lobby\StorageBox.h">
      <Filter>헤더 파일</Filter>
    </ClInclude>
    <ClInclude Include="Scenes\PatternEditor.h">
      <Filter>헤더 파일</Filter>
    </ClInclude>
    <ClInclude Include="UI\PatternEditor\PatternObject.h">
      <Filter>헤더 파일</Filter>
    </ClInclude>
    <ClInclude Include="UI\InGame\GameOver.h">
      <Filter>헤더 파일</Filter>
    </ClInclude>
    <ClInclude Include="GameObjects\UIButton.h">
      <Filter>헤더 파일</Filter>
    </ClInclude>
    <ClInclude Include="GameObjects\BaseUI.h">
      <Filter>헤더 파일</Filter>
    </ClInclude>
    <ClInclude Include="GameObjects\Tile.h">
      <Filter>헤더 파일</Filter>
    </ClInclude>
    <ClInclude Include="Scenes\SceneEditor.h">
      <Filter>헤더 파일</Filter>
    </ClInclude>
  </ItemGroup>
</Project>